{
  "name": "@lgd-utils/object",
  "version": "0.0.14",
  "lockfileVersion": 1,
  "requires": true,
  "dependencies": {
    "@lgd-utils/regexp": {
      "version": "0.0.7",
      "resolved": "https://registry.npmjs.org/@lgd-utils/regexp/-/regexp-0.0.7.tgz",
      "integrity": "sha512-imJNVaHeSeeZdVZL6DjPRiVJo3mATwMMfcGtuF5ydRoeoXvu/hOvG4VQ8dckTIouOImG3WiYj9WXJB80/DCsQg==",
      "requires": {
        "lodash": "^4.17.21"
      }
    },
    "@lgd-utils/utils": {
      "version": "0.0.15",
      "resolved": "https://registry.npmjs.org/@lgd-utils/utils/-/utils-0.0.15.tgz",
      "integrity": "sha512-r94o0q7iaH9bXSYAsT3IDKd1xb2V6AskeWRFrGmQ+tUYHGWl9aICv6koQOVzbJYIj/Qpkts3UCAGc21Ia8AUZw==",
      "requires": {
        "@lgd-utils/regexp": "^0.0.7",
        "lodash": "^4.17.21"
      }
    },
    "@lgd-utils/validate": {
      "version": "0.0.16",
      "resolved": "https://registry.npmjs.org/@lgd-utils/validate/-/validate-0.0.16.tgz",
      "integrity": "sha512-ihoy7Bz+11zddw6nuTs3Eh4le+I7/yPNZdsfqa/mPKDzDV/LDa35LIsJC0sYi/5CF0JnkUZ/W0+mvKXCSKv+7A==",
      "requires": {
        "@lgd-utils/regexp": "^0.0.7",
        "@lgd-utils/utils": "^0.0.15",
        "globalthis": "^1.0.2",
        "lodash": "^4.17.21"
      }
    },
    "@types/lodash": {
      "version": "4.14.176",
      "resolved": "https://registry.npmjs.org/@types/lodash/-/lodash-4.14.176.tgz",
      "integrity": "sha512-xZmuPTa3rlZoIbtDUyJKZQimJV3bxCmzMIO2c9Pz9afyDro6kr7R79GwcB6mRhuoPmV2p1Vb66WOJH7F886WKQ==",
      "dev": true
    },
    "define-properties": {
      "version": "1.1.3",
      "resolved": "https://registry.npmjs.org/define-properties/-/define-properties-1.1.3.tgz",
      "integrity": "sha512-3MqfYKj2lLzdMSf8ZIZE/V+Zuy+BgD6f164e8K2w7dgnpKArBDerGYpM46IYYcjnkdPNMjPk9A6VFB8+3SKlXQ==",
      "requires": {
        "object-keys": "^1.0.12"
      }
    },
    "globalthis": {
      "version": "1.0.2",
      "resolved": "https://registry.npmjs.org/globalthis/-/globalthis-1.0.2.tgz",
      "integrity": "sha512-ZQnSFO1la8P7auIOQECnm0sSuoMeaSq0EEdXMBFF2QJO4uNcwbyhSgG3MruWNbFTqCLmxVwGOl7LZ9kASvHdeQ==",
      "requires": {
        "define-properties": "^1.1.3"
      }
    },
    "lodash": {
      "version": "4.17.21",
      "resolved": "https://registry.npmjs.org/lodash/-/lodash-4.17.21.tgz",
      "integrity": "sha512-v2kDEe57lecTulaDIuNTPy3Ry4gLGJ6Z1O3vE1krgXZNrsQ+LFTGHVxVjcXPs17LhbZVGedAJv8XZ1tvj5FvSg=="
    },
    "object-keys": {
      "version": "1.1.1",
      "resolved": "https://registry.npmjs.org/object-keys/-/object-keys-1.1.1.tgz",
      "integrity": "sha512-NuAESUOUMrlIXOfHKzD6bpPu3tYt3xvjNdRIQ+FeT0lNb4K8WR70CaDxhuNguS2XG+GjkyMwOzsN5ZktImfhLA=="
    }
  }
}
