{
  "name": "@lgd-utils/array",
  "version": "0.0.9",
  "lockfileVersion": 1,
  "requires": true,
  "dependencies": {
    "@lgd-utils/regexp": {
      "version": "0.0.5",
      "resolved": "https://registry.npmjs.org/@lgd-utils/regexp/-/regexp-0.0.5.tgz",
      "integrity": "sha512-EnYzKdPnS44a7NfuBuokswJSsGmb5J/B4VqS0GGqrQKLNux5XFqS303PUBfp93nlqskJ5JsKWjiIoFxUvO3Skw==",
      "requires": {
        "lodash": "^4.17.21"
      }
    },
    "@lgd-utils/utils": {
      "version": "0.0.11",
      "resolved": "https://registry.npmjs.org/@lgd-utils/utils/-/utils-0.0.11.tgz",
      "integrity": "sha512-Ph86nOWjDIobpbXYq20nvNY5f+1l3mNBkR8hVzTnMkRtB/4hsxH4Tbq38Q0xY/3EBZzGYa56o9vbeMavUyl51A==",
      "requires": {
        "@lgd-utils/regexp": "^0.0.5",
        "lodash": "^4.17.21"
      }
    },
    "@types/lodash": {
      "version": "4.14.176",
      "resolved": "https://registry.npmjs.org/@types/lodash/-/lodash-4.14.176.tgz",
      "integrity": "sha512-KMBLT6+g9qrGXpDt7ohjWPUD34WA/jasrtjTEHStF0NPdEwJ1N9SZ+4GaMVDeuk/y0+X5j9xFm6mNiXS7UoaLQ==",
      "dev": true
    },
    "lodash": {
      "version": "4.17.21",
      "resolved": "https://registry.npmjs.org/lodash/-/lodash-4.17.21.tgz",
      "integrity": "sha512-v2kDEe57lecTulaDIuNTPy3Ry4gLGJ6Z1O3vE1krgXZNrsQ+LFTGHVxVjcXPs17LhbZVGedAJv8XZ1tvj5FvSg=="
    }
  }
}
