{
  "name": "@lgd-utils/array",
  "version": "0.0.11",
  "lockfileVersion": 1,
  "requires": true,
  "dependencies": {
    "@lgd-utils/regexp": {
      "version": "0.0.6",
      "resolved": "https://registry.npmjs.org/@lgd-utils/regexp/-/regexp-0.0.6.tgz",
      "integrity": "sha512-YcvtA8BnAABQUjPeTFjQn3F7VkuJkPOrSOZ/jbM7DaI4HCHGFQ6xkIhnB0iM37LeyIPHSvDe/EIe4eVXeguxdQ==",
      "requires": {
        "lodash": "^4.17.21"
      }
    },
    "@lgd-utils/utils": {
      "version": "0.0.12",
      "resolved": "https://registry.npmjs.org/@lgd-utils/utils/-/utils-0.0.12.tgz",
      "integrity": "sha512-st+L8IYCcv/isMeE4X8dHDtb4deTkar1TwB21CywM4BfBtr+D0BDRBNx7IINwckBXnagf/h9Vju6A3VPlQKevA==",
      "requires": {
        "@lgd-utils/regexp": "^0.0.6",
        "lodash": "^4.17.21"
      }
    },
    "@types/lodash": {
      "version": "4.14.176",
      "resolved": "https://registry.npmjs.org/@types/lodash/-/lodash-4.14.176.tgz",
      "integrity": "sha512-xZmuPTa3rlZoIbtDUyJKZQimJV3bxCmzMIO2c9Pz9afyDro6kr7R79GwcB6mRhuoPmV2p1Vb66WOJH7F886WKQ==",
      "dev": true
    },
    "lodash": {
      "version": "4.17.21",
      "resolved": "https://registry.npmjs.org/lodash/-/lodash-4.17.21.tgz",
      "integrity": "sha512-v2kDEe57lecTulaDIuNTPy3Ry4gLGJ6Z1O3vE1krgXZNrsQ+LFTGHVxVjcXPs17LhbZVGedAJv8XZ1tvj5FvSg=="
    }
  }
}
