{
  "name": "@lgd-utils/number",
  "version": "0.0.11",
  "lockfileVersion": 1,
  "requires": true,
  "dependencies": {
    "@lgd-utils/regexp": {
      "version": "0.0.7",
      "resolved": "https://registry.npmjs.org/@lgd-utils/regexp/-/regexp-0.0.7.tgz",
      "integrity": "sha512-imJNVaHeSeeZdVZL6DjPRiVJo3mATwMMfcGtuF5ydRoeoXvu/hOvG4VQ8dckTIouOImG3WiYj9WXJB80/DCsQg==",
      "requires": {
        "lodash": "^4.17.21"
      }
    },
    "@lgd-utils/utils": {
      "version": "0.0.14",
      "resolved": "https://registry.npmjs.org/@lgd-utils/utils/-/utils-0.0.14.tgz",
      "integrity": "sha512-/IVqtSwcS5GwTePutE3uLkO0SjxWuJRQIr60sgHSITXA4ZRZdCrOpzglMIFBye5rmyAbvvHXzn6oRX3EwpLKAA==",
      "requires": {
        "@lgd-utils/regexp": "^0.0.7",
        "lodash": "^4.17.21"
      }
    },
    "@types/bytes": {
      "version": "3.1.1",
      "resolved": "https://registry.npmjs.org/@types/bytes/-/bytes-3.1.1.tgz",
      "integrity": "sha512-lOGyCnw+2JVPKU3wIV0srU0NyALwTBJlVSx5DfMQOFuuohA8y9S8orImpuIQikZ0uIQ8gehrRjxgQC1rLRi11w==",
      "dev": true
    },
    "@types/lodash": {
      "version": "4.14.176",
      "resolved": "https://registry.npmjs.org/@types/lodash/-/lodash-4.14.176.tgz",
      "integrity": "sha512-xZmuPTa3rlZoIbtDUyJKZQimJV3bxCmzMIO2c9Pz9afyDro6kr7R79GwcB6mRhuoPmV2p1Vb66WOJH7F886WKQ==",
      "dev": true
    },
    "bytes": {
      "version": "3.1.0",
      "resolved": "https://registry.npmjs.org/bytes/-/bytes-3.1.0.tgz",
      "integrity": "sha512-zauLjrfCG+xvoyaqLoV8bLVXXNGC4JqlxFCutSDWA6fJrTo2ZuvLYTqZ7aHBLZSMOopbzwv8f+wZcVzfVTI2Dg=="
    },
    "lodash": {
      "version": "4.17.21",
      "resolved": "https://registry.npmjs.org/lodash/-/lodash-4.17.21.tgz",
      "integrity": "sha512-v2kDEe57lecTulaDIuNTPy3Ry4gLGJ6Z1O3vE1krgXZNrsQ+LFTGHVxVjcXPs17LhbZVGedAJv8XZ1tvj5FvSg=="
    }
  }
}
