{
  "name": "@lgd-utils/utils",
  "version": "0.0.5",
  "lockfileVersion": 1,
  "requires": true,
  "dependencies": {
    "@types/lodash": {
      "version": "4.14.172",
      "resolved": "https://registry.nlark.com/@types/lodash/download/@types/lodash-4.14.172.tgz",
      "integrity": "sha1-qtd0wo57/Xpn3iVAjgPuWow9Aoo=",
      "dev": true
    }
  }
}
